
Microsoft Visual Studio Solution File, Format Version 12.00
# Visual Studio 15
VisualStudioVersion = 15.0.26124.0
MinimumVisualStudioVersion = 15.0.26124.0
Project("{FAE04EC0-301F-11D3-BF4B-00C04F79EFBC}") = "Grafos", "Grafos\Grafos.csproj", "{EBF77721-E597-48E4-ADA7-955B8B14F892}"
EndProject
Project("{FAE04EC0-301F-11D3-BF4B-00C04F79EFBC}") = "GrafosTests", "GrafosTests\GrafosTests.csproj", "{7DCFE85C-15A6-4614-A322-49E0495BE5F7}"
EndProject
Global
	GlobalSection(SolutionConfigurationPlatforms) = preSolution
		Debug|Any CPU = Debug|Any CPU
		Debug|x64 = Debug|x64
		Debug|x86 = Debug|x86
		Release|Any CPU = Release|Any CPU
		Release|x64 = Release|x64
		Release|x86 = Release|x86
	EndGlobalSection
	GlobalSection(SolutionProperties) = preSolution
		HideSolutionNode = FALSE
	EndGlobalSection
	GlobalSection(ProjectConfigurationPlatforms) = postSolution
		{EBF77721-E597-48E4-ADA7-955B8B14F892}.Debug|Any CPU.ActiveCfg = Debug|Any CPU
		{EBF77721-E597-48E4-ADA7-955B8B14F892}.Debug|Any CPU.Build.0 = Debug|Any CPU
		{EBF77721-E597-48E4-ADA7-955B8B14F892}.Debug|x64.ActiveCfg = Debug|Any CPU
		{EBF77721-E597-48E4-ADA7-955B8B14F892}.Debug|x64.Build.0 = Debug|Any CPU
		{EBF77721-E597-48E4-ADA7-955B8B14F892}.Debug|x86.ActiveCfg = Debug|Any CPU
		{EBF77721-E597-48E4-ADA7-955B8B14F892}.Debug|x86.Build.0 = Debug|Any CPU
		{EBF77721-E597-48E4-ADA7-955B8B14F892}.Release|Any CPU.ActiveCfg = Release|Any CPU
		{EBF77721-E597-48E4-ADA7-955B8B14F892}.Release|Any CPU.Build.0 = Release|Any CPU
		{EBF77721-E597-48E4-ADA7-955B8B14F892}.Release|x64.ActiveCfg = Release|Any CPU
		{EBF77721-E597-48E4-ADA7-955B8B14F892}.Release|x64.Build.0 = Release|Any CPU
		{EBF77721-E597-48E4-ADA7-955B8B14F892}.Release|x86.ActiveCfg = Release|Any CPU
		{EBF77721-E597-48E4-ADA7-955B8B14F892}.Release|x86.Build.0 = Release|Any CPU
		{7DCFE85C-15A6-4614-A322-49E0495BE5F7}.Debug|Any CPU.ActiveCfg = Debug|Any CPU
		{7DCFE85C-15A6-4614-A322-49E0495BE5F7}.Debug|Any CPU.Build.0 = Debug|Any CPU
		{7DCFE85C-15A6-4614-A322-49E0495BE5F7}.Debug|x64.ActiveCfg = Debug|Any CPU
		{7DCFE85C-15A6-4614-A322-49E0495BE5F7}.Debug|x64.Build.0 = Debug|Any CPU
		{7DCFE85C-15A6-4614-A322-49E0495BE5F7}.Debug|x86.ActiveCfg = Debug|Any CPU
		{7DCFE85C-15A6-4614-A322-49E0495BE5F7}.Debug|x86.Build.0 = Debug|Any CPU
		{7DCFE85C-15A6-4614-A322-49E0495BE5F7}.Release|Any CPU.ActiveCfg = Release|Any CPU
		{7DCFE85C-15A6-4614-A322-49E0495BE5F7}.Release|Any CPU.Build.0 = Release|Any CPU
		{7DCFE85C-15A6-4614-A322-49E0495BE5F7}.Release|x64.ActiveCfg = Release|Any CPU
		{7DCFE85C-15A6-4614-A322-49E0495BE5F7}.Release|x64.Build.0 = Release|Any CPU
		{7DCFE85C-15A6-4614-A322-49E0495BE5F7}.Release|x86.ActiveCfg = Release|Any CPU
		{7DCFE85C-15A6-4614-A322-49E0495BE5F7}.Release|x86.Build.0 = Release|Any CPU
	EndGlobalSection
EndGlobal
